// !$*UTF8*$!
{
	archiveVersion = 1;
	classes = {
	};
	objectVersion = 50;
	objects = {

/* Begin PBXBuildFile section */
		D20A6EEE23736B1E00A04436 /* TBHomeListViewModel.swift in Sources */ = {isa = PBXBuildFile; fileRef = D20A6EED23736B1E00A04436 /* TBHomeListViewModel.swift */; };
		D22EF19623736742004A8E35 /* HomeViewModel.swift in Sources */ = {isa = PBXBuildFile; fileRef = D22EF19523736742004A8E35 /* HomeViewModel.swift */; };
		D2B8983A2370DE6600738821 /* AppDelegate.swift in Sources */ = {isa = PBXBuildFile; fileRef = D2B898392370DE6600738821 /* AppDelegate.swift */; };
		D2B8983E2370DE6600738821 /* HomeViewController.swift in Sources */ = {isa = PBXBuildFile; fileRef = D2B8983D2370DE6600738821 /* HomeViewController.swift */; };
		D2B898432370DE6900738821 /* Assets.xcassets in Resources */ = {isa = PBXBuildFile; fileRef = D2B898422370DE6900738821 /* Assets.xcassets */; };
		D2B898462370DE6900738821 /* LaunchScreen.storyboard in Resources */ = {isa = PBXBuildFile; fileRef = D2B898442370DE6900738821 /* LaunchScreen.storyboard */; };
		D2B8985423711E9900738821 /* FlowEvent.swift in Sources */ = {isa = PBXBuildFile; fileRef = D2B8984E23711E9900738821 /* FlowEvent.swift */; };
		D2B8985523711E9900738821 /* NavigationControllerCoordinatorsTracker.swift in Sources */ = {isa = PBXBuildFile; fileRef = D2B8984F23711E9900738821 /* NavigationControllerCoordinatorsTracker.swift */; };
		D2B8985623711E9900738821 /* FlowCoordinator.swift in Sources */ = {isa = PBXBuildFile; fileRef = D2B8985023711E9900738821 /* FlowCoordinator.swift */; };
		D2B8985723711E9900738821 /* CoordinatorsTracker.swift in Sources */ = {isa = PBXBuildFile; fileRef = D2B8985123711E9900738821 /* CoordinatorsTracker.swift */; };
		D2B8985823711E9900738821 /* NavigationFlowCoordinator.swift in Sources */ = {isa = PBXBuildFile; fileRef = D2B8985223711E9900738821 /* NavigationFlowCoordinator.swift */; };
		D2B8985923711E9900738821 /* Coordinator.swift in Sources */ = {isa = PBXBuildFile; fileRef = D2B8985323711E9900738821 /* Coordinator.swift */; };
		D2B8985B23711EEF00738821 /* UIViewController+LoadingView.swift in Sources */ = {isa = PBXBuildFile; fileRef = D2B8985A23711EEF00738821 /* UIViewController+LoadingView.swift */; };
		D2B8986023711F1B00738821 /* ApplicationCoordinator.swift in Sources */ = {isa = PBXBuildFile; fileRef = D2B8985F23711F1B00738821 /* ApplicationCoordinator.swift */; };
		D2B8986F23711F4600738821 /* RocketNetworking.framework in Frameworks */ = {isa = PBXBuildFile; fileRef = D2B8986923711F3E00738821 /* RocketNetworking.framework */; };
		D2B8987023711F4600738821 /* RocketNetworking.framework in Embed Frameworks */ = {isa = PBXBuildFile; fileRef = D2B8986923711F3E00738821 /* RocketNetworking.framework */; settings = {ATTRIBUTES = (CodeSignOnCopy, RemoveHeadersOnCopy, ); }; };
		D2B898752371230C00738821 /* UserDefaultsManager.swift in Sources */ = {isa = PBXBuildFile; fileRef = D2B898742371230C00738821 /* UserDefaultsManager.swift */; };
		D2B89878237123F200738821 /* TagBoardApi.swift in Sources */ = {isa = PBXBuildFile; fileRef = D2B89877237123F200738821 /* TagBoardApi.swift */; };
		D2B8987C2371246D00738821 /* APIConstants.swift in Sources */ = {isa = PBXBuildFile; fileRef = D2B8987B2371246D00738821 /* APIConstants.swift */; };
		D2B8987E2371256000738821 /* InitialConfiguration.swift in Sources */ = {isa = PBXBuildFile; fileRef = D2B8987D2371256000738821 /* InitialConfiguration.swift */; };
		D2B898802371259900738821 /* BundleUtil.swift in Sources */ = {isa = PBXBuildFile; fileRef = D2B8987F2371259900738821 /* BundleUtil.swift */; };
		D2B898B02372580100738821 /* User.swift in Sources */ = {isa = PBXBuildFile; fileRef = D2B898AF2372580100738821 /* User.swift */; };
		D2B898B2237258BF00738821 /* TagBoard.swift in Sources */ = {isa = PBXBuildFile; fileRef = D2B898B1237258BF00738821 /* TagBoard.swift */; };
		D2B898B423725C5B00738821 /* TBHomeListViewController.swift in Sources */ = {isa = PBXBuildFile; fileRef = D2B898B323725C5B00738821 /* TBHomeListViewController.swift */; };
		D2B898B623725C7400738821 /* TagBoardViewController.swift in Sources */ = {isa = PBXBuildFile; fileRef = D2B898B523725C7400738821 /* TagBoardViewController.swift */; };
/* End PBXBuildFile section */

/* Begin PBXContainerItemProxy section */
		D2B8986823711F3E00738821 /* PBXContainerItemProxy */ = {
			isa = PBXContainerItemProxy;
			containerPortal = D2B8986223711F3E00738821 /* RocketNetworking.xcodeproj */;
			proxyType = 2;
			remoteGlobalIDString = D23FE98421FCD91800EC0EB5;
			remoteInfo = RocketNetworking;
		};
		D2B8986A23711F3E00738821 /* PBXContainerItemProxy */ = {
			isa = PBXContainerItemProxy;
			containerPortal = D2B8986223711F3E00738821 /* RocketNetworking.xcodeproj */;
			proxyType = 2;
			remoteGlobalIDString = D23FE98D21FCD91800EC0EB5;
			remoteInfo = RocketNetworkingTests;
		};
		D2B8986C23711F3E00738821 /* PBXContainerItemProxy */ = {
			isa = PBXContainerItemProxy;
			containerPortal = D2B8986223711F3E00738821 /* RocketNetworking.xcodeproj */;
			proxyType = 2;
			remoteGlobalIDString = D2A7DCC22318714700150A98;
			remoteInfo = RocketWatch;
		};
/* End PBXContainerItemProxy section */

/* Begin PBXCopyFilesBuildPhase section */
		D2B8987123711F4600738821 /* Embed Frameworks */ = {
			isa = PBXCopyFilesBuildPhase;
			buildActionMask = 2147483647;
			dstPath = "";
			dstSubfolderSpec = 10;
			files = (
				D2B8987023711F4600738821 /* RocketNetworking.framework in Embed Frameworks */,
			);
			name = "Embed Frameworks";
			runOnlyForDeploymentPostprocessing = 0;
		};
/* End PBXCopyFilesBuildPhase section */

/* Begin PBXFileReference section */
		D20A6EED23736B1E00A04436 /* TBHomeListViewModel.swift */ = {isa = PBXFileReference; lastKnownFileType = sourcecode.swift; path = TBHomeListViewModel.swift; sourceTree = "<group>"; };
		D22EF19523736742004A8E35 /* HomeViewModel.swift */ = {isa = PBXFileReference; lastKnownFileType = sourcecode.swift; path = HomeViewModel.swift; sourceTree = "<group>"; };
		D2B898362370DE6600738821 /* TagBoard.app */ = {isa = PBXFileReference; explicitFileType = wrapper.application; includeInIndex = 0; path = TagBoard.app; sourceTree = BUILT_PRODUCTS_DIR; };
		D2B898392370DE6600738821 /* AppDelegate.swift */ = {isa = PBXFileReference; lastKnownFileType = sourcecode.swift; path = AppDelegate.swift; sourceTree = "<group>"; };
		D2B8983D2370DE6600738821 /* HomeViewController.swift */ = {isa = PBXFileReference; lastKnownFileType = sourcecode.swift; path = HomeViewController.swift; sourceTree = "<group>"; };
		D2B898422370DE6900738821 /* Assets.xcassets */ = {isa = PBXFileReference; lastKnownFileType = folder.assetcatalog; path = Assets.xcassets; sourceTree = "<group>"; };
		D2B898452370DE6900738821 /* Base */ = {isa = PBXFileReference; lastKnownFileType = file.storyboard; name = Base; path = Base.lproj/LaunchScreen.storyboard; sourceTree = "<group>"; };
		D2B898472370DE6900738821 /* Info.plist */ = {isa = PBXFileReference; lastKnownFileType = text.plist.xml; path = Info.plist; sourceTree = "<group>"; };
		D2B8984E23711E9900738821 /* FlowEvent.swift */ = {isa = PBXFileReference; fileEncoding = 4; lastKnownFileType = sourcecode.swift; path = FlowEvent.swift; sourceTree = "<group>"; };
		D2B8984F23711E9900738821 /* NavigationControllerCoordinatorsTracker.swift */ = {isa = PBXFileReference; fileEncoding = 4; lastKnownFileType = sourcecode.swift; path = NavigationControllerCoordinatorsTracker.swift; sourceTree = "<group>"; };
		D2B8985023711E9900738821 /* FlowCoordinator.swift */ = {isa = PBXFileReference; fileEncoding = 4; lastKnownFileType = sourcecode.swift; path = FlowCoordinator.swift; sourceTree = "<group>"; };
		D2B8985123711E9900738821 /* CoordinatorsTracker.swift */ = {isa = PBXFileReference; fileEncoding = 4; lastKnownFileType = sourcecode.swift; path = CoordinatorsTracker.swift; sourceTree = "<group>"; };
		D2B8985223711E9900738821 /* NavigationFlowCoordinator.swift */ = {isa = PBXFileReference; fileEncoding = 4; lastKnownFileType = sourcecode.swift; path = NavigationFlowCoordinator.swift; sourceTree = "<group>"; };
		D2B8985323711E9900738821 /* Coordinator.swift */ = {isa = PBXFileReference; fileEncoding = 4; lastKnownFileType = sourcecode.swift; path = Coordinator.swift; sourceTree = "<group>"; };
		D2B8985A23711EEF00738821 /* UIViewController+LoadingView.swift */ = {isa = PBXFileReference; fileEncoding = 4; lastKnownFileType = sourcecode.swift; path = "UIViewController+LoadingView.swift"; sourceTree = "<group>"; };
		D2B8985F23711F1B00738821 /* ApplicationCoordinator.swift */ = {isa = PBXFileReference; lastKnownFileType = sourcecode.swift; path = ApplicationCoordinator.swift; sourceTree = "<group>"; };
		D2B8986223711F3E00738821 /* RocketNetworking.xcodeproj */ = {isa = PBXFileReference; lastKnownFileType = "wrapper.pb-project"; name = RocketNetworking.xcodeproj; path = ../../RocketNetworking/RocketNetworking.xcodeproj; sourceTree = "<group>"; };
		D2B898742371230C00738821 /* UserDefaultsManager.swift */ = {isa = PBXFileReference; lastKnownFileType = sourcecode.swift; path = UserDefaultsManager.swift; sourceTree = "<group>"; };
		D2B89877237123F200738821 /* TagBoardApi.swift */ = {isa = PBXFileReference; lastKnownFileType = sourcecode.swift; path = TagBoardApi.swift; sourceTree = "<group>"; };
		D2B8987B2371246D00738821 /* APIConstants.swift */ = {isa = PBXFileReference; lastKnownFileType = sourcecode.swift; path = APIConstants.swift; sourceTree = "<group>"; };
		D2B8987D2371256000738821 /* InitialConfiguration.swift */ = {isa = PBXFileReference; lastKnownFileType = sourcecode.swift; path = InitialConfiguration.swift; sourceTree = "<group>"; };
		D2B8987F2371259900738821 /* BundleUtil.swift */ = {isa = PBXFileReference; lastKnownFileType = sourcecode.swift; path = BundleUtil.swift; sourceTree = "<group>"; };
		D2B898AF2372580100738821 /* User.swift */ = {isa = PBXFileReference; lastKnownFileType = sourcecode.swift; path = User.swift; sourceTree = "<group>"; };
		D2B898B1237258BF00738821 /* TagBoard.swift */ = {isa = PBXFileReference; lastKnownFileType = sourcecode.swift; path = TagBoard.swift; sourceTree = "<group>"; };
		D2B898B323725C5B00738821 /* TBHomeListViewController.swift */ = {isa = PBXFileReference; lastKnownFileType = sourcecode.swift; path = TBHomeListViewController.swift; sourceTree = "<group>"; };
		D2B898B523725C7400738821 /* TagBoardViewController.swift */ = {isa = PBXFileReference; lastKnownFileType = sourcecode.swift; path = TagBoardViewController.swift; sourceTree = "<group>"; };
/* End PBXFileReference section */

/* Begin PBXFrameworksBuildPhase section */
		D2B898332370DE6600738821 /* Frameworks */ = {
			isa = PBXFrameworksBuildPhase;
			buildActionMask = 2147483647;
			files = (
				D2B8986F23711F4600738821 /* RocketNetworking.framework in Frameworks */,
			);
			runOnlyForDeploymentPostprocessing = 0;
		};
/* End PBXFrameworksBuildPhase section */

/* Begin PBXGroup section */
		D20A6EE923736B0E00A04436 /* TagBoardList */ = {
			isa = PBXGroup;
			children = (
				D2B898B323725C5B00738821 /* TBHomeListViewController.swift */,
				D20A6EED23736B1E00A04436 /* TBHomeListViewModel.swift */,
			);
			path = TagBoardList;
			sourceTree = "<group>";
		};
		D22EF19123736732004A8E35 /* Home */ = {
			isa = PBXGroup;
			children = (
				D2B8983D2370DE6600738821 /* HomeViewController.swift */,
				D22EF19523736742004A8E35 /* HomeViewModel.swift */,
			);
			path = Home;
			sourceTree = "<group>";
		};
		D2B8982D2370DE6600738821 = {
			isa = PBXGroup;
			children = (
				D2B8986223711F3E00738821 /* RocketNetworking.xcodeproj */,
				D2B898382370DE6600738821 /* TagBoard */,
				D2B898372370DE6600738821 /* Products */,
				D2B8986E23711F4600738821 /* Frameworks */,
			);
			sourceTree = "<group>";
		};
		D2B898372370DE6600738821 /* Products */ = {
			isa = PBXGroup;
			children = (
				D2B898362370DE6600738821 /* TagBoard.app */,
			);
			name = Products;
			sourceTree = "<group>";
		};
		D2B898382370DE6600738821 /* TagBoard */ = {
			isa = PBXGroup;
			children = (
				D2B898AB237257F800738821 /* Models */,
				D2B89876237123E500738821 /* Networking */,
				D2B8987223711F7300738821 /* Application */,
				D2B8986123711F2300738821 /* ViewControllers */,
				D2B8985E23711F0E00738821 /* Coordinators */,
				D2B8985C23711EF400738821 /* Utility */,
				D2B8984D23711E9900738821 /* NavigationFlowCoordinator */,
				D2B898422370DE6900738821 /* Assets.xcassets */,
				D2B898442370DE6900738821 /* LaunchScreen.storyboard */,
				D2B898472370DE6900738821 /* Info.plist */,
			);
			path = TagBoard;
			sourceTree = "<group>";
		};
		D2B8984D23711E9900738821 /* NavigationFlowCoordinator */ = {
			isa = PBXGroup;
			children = (
				D2B8984E23711E9900738821 /* FlowEvent.swift */,
				D2B8984F23711E9900738821 /* NavigationControllerCoordinatorsTracker.swift */,
				D2B8985023711E9900738821 /* FlowCoordinator.swift */,
				D2B8985123711E9900738821 /* CoordinatorsTracker.swift */,
				D2B8985223711E9900738821 /* NavigationFlowCoordinator.swift */,
				D2B8985323711E9900738821 /* Coordinator.swift */,
			);
			path = NavigationFlowCoordinator;
			sourceTree = "<group>";
		};
		D2B8985C23711EF400738821 /* Utility */ = {
			isa = PBXGroup;
			children = (
				D2B89873237122FB00738821 /* Utility */,
				D2B8985D23711EFC00738821 /* Extensions */,
			);
			path = Utility;
			sourceTree = "<group>";
		};
		D2B8985D23711EFC00738821 /* Extensions */ = {
			isa = PBXGroup;
			children = (
				D2B8985A23711EEF00738821 /* UIViewController+LoadingView.swift */,
			);
			path = Extensions;
			sourceTree = "<group>";
		};
		D2B8985E23711F0E00738821 /* Coordinators */ = {
			isa = PBXGroup;
			children = (
				D2B8985F23711F1B00738821 /* ApplicationCoordinator.swift */,
			);
			path = Coordinators;
			sourceTree = "<group>";
		};
		D2B8986123711F2300738821 /* ViewControllers */ = {
			isa = PBXGroup;
			children = (
				D20A6EE923736B0E00A04436 /* TagBoardList */,
				D22EF19123736732004A8E35 /* Home */,
				D2B898B523725C7400738821 /* TagBoardViewController.swift */,
			);
			path = ViewControllers;
			sourceTree = "<group>";
		};
		D2B8986323711F3E00738821 /* Products */ = {
			isa = PBXGroup;
			children = (
				D2B8986923711F3E00738821 /* RocketNetworking.framework */,
				D2B8986B23711F3E00738821 /* RocketNetworkingTests.xctest */,
				D2B8986D23711F3E00738821 /* RocketWatch.framework */,
			);
			name = Products;
			sourceTree = "<group>";
		};
		D2B8986E23711F4600738821 /* Frameworks */ = {
			isa = PBXGroup;
			children = (
			);
			name = Frameworks;
			sourceTree = "<group>";
		};
		D2B8987223711F7300738821 /* Application */ = {
			isa = PBXGroup;
			children = (
				D2B898392370DE6600738821 /* AppDelegate.swift */,
				D2B8987D2371256000738821 /* InitialConfiguration.swift */,
			);
			path = Application;
			sourceTree = "<group>";
		};
		D2B89873237122FB00738821 /* Utility */ = {
			isa = PBXGroup;
			children = (
				D2B898742371230C00738821 /* UserDefaultsManager.swift */,
				D2B8987F2371259900738821 /* BundleUtil.swift */,
			);
			path = Utility;
			sourceTree = "<group>";
		};
		D2B89876237123E500738821 /* Networking */ = {
			isa = PBXGroup;
			children = (
				D2B89877237123F200738821 /* TagBoardApi.swift */,
				D2B8987B2371246D00738821 /* APIConstants.swift */,
			);
			path = Networking;
			sourceTree = "<group>";
		};
		D2B898AB237257F800738821 /* Models */ = {
			isa = PBXGroup;
			children = (
				D2B898AF2372580100738821 /* User.swift */,
				D2B898B1237258BF00738821 /* TagBoard.swift */,
			);
			path = Models;
			sourceTree = "<group>";
		};
/* End PBXGroup section */

/* Begin PBXNativeTarget section */
		D2B898352370DE6600738821 /* TagBoard */ = {
			isa = PBXNativeTarget;
			buildConfigurationList = D2B8984A2370DE6900738821 /* Build configuration list for PBXNativeTarget "TagBoard" */;
			buildPhases = (
				D2B898322370DE6600738821 /* Sources */,
				D2B898332370DE6600738821 /* Frameworks */,
				D2B898342370DE6600738821 /* Resources */,
				D2B8987123711F4600738821 /* Embed Frameworks */,
			);
			buildRules = (
			);
			dependencies = (
			);
			name = TagBoard;
			productName = TagBoard;
			productReference = D2B898362370DE6600738821 /* TagBoard.app */;
			productType = "com.apple.product-type.application";
		};
/* End PBXNativeTarget section */

/* Begin PBXProject section */
		D2B8982E2370DE6600738821 /* Project object */ = {
			isa = PBXProject;
			attributes = {
				LastSwiftUpdateCheck = 1120;
				LastUpgradeCheck = 1120;
				ORGANIZATIONNAME = "Will Brandin";
				TargetAttributes = {
					D2B898352370DE6600738821 = {
						CreatedOnToolsVersion = 11.2;
					};
				};
			};
			buildConfigurationList = D2B898312370DE6600738821 /* Build configuration list for PBXProject "TagBoard" */;
			compatibilityVersion = "Xcode 9.3";
			developmentRegion = en;
			hasScannedForEncodings = 0;
			knownRegions = (
				en,
				Base,
			);
			mainGroup = D2B8982D2370DE6600738821;
			productRefGroup = D2B898372370DE6600738821 /* Products */;
			projectDirPath = "";
			projectReferences = (
				{
					ProductGroup = D2B8986323711F3E00738821 /* Products */;
					ProjectRef = D2B8986223711F3E00738821 /* RocketNetworking.xcodeproj */;
				},
			);
			projectRoot = "";
			targets = (
				D2B898352370DE6600738821 /* TagBoard */,
			);
		};
/* End PBXProject section */

/* Begin PBXReferenceProxy section */
		D2B8986923711F3E00738821 /* RocketNetworking.framework */ = {
			isa = PBXReferenceProxy;
			fileType = wrapper.framework;
			path = RocketNetworking.framework;
			remoteRef = D2B8986823711F3E00738821 /* PBXContainerItemProxy */;
			sourceTree = BUILT_PRODUCTS_DIR;
		};
		D2B8986B23711F3E00738821 /* RocketNetworkingTests.xctest */ = {
			isa = PBXReferenceProxy;
			fileType = wrapper.cfbundle;
			path = RocketNetworkingTests.xctest;
			remoteRef = D2B8986A23711F3E00738821 /* PBXContainerItemProxy */;
			sourceTree = BUILT_PRODUCTS_DIR;
		};
		D2B8986D23711F3E00738821 /* RocketWatch.framework */ = {
			isa = PBXReferenceProxy;
			fileType = wrapper.framework;
			path = RocketWatch.framework;
			remoteRef = D2B8986C23711F3E00738821 /* PBXContainerItemProxy */;
			sourceTree = BUILT_PRODUCTS_DIR;
		};
/* End PBXReferenceProxy section */

/* Begin PBXResourcesBuildPhase section */
		D2B898342370DE6600738821 /* Resources */ = {
			isa = PBXResourcesBuildPhase;
			buildActionMask = 2147483647;
			files = (
				D2B898462370DE6900738821 /* LaunchScreen.storyboard in Resources */,
				D2B898432370DE6900738821 /* Assets.xcassets in Resources */,
			);
			runOnlyForDeploymentPostprocessing = 0;
		};
/* End PBXResourcesBuildPhase section */

/* Begin PBXSourcesBuildPhase section */
		D2B898322370DE6600738821 /* Sources */ = {
			isa = PBXSourcesBuildPhase;
			buildActionMask = 2147483647;
			files = (
				D2B8985923711E9900738821 /* Coordinator.swift in Sources */,
				D2B8985823711E9900738821 /* NavigationFlowCoordinator.swift in Sources */,
				D2B8987C2371246D00738821 /* APIConstants.swift in Sources */,
				D22EF19623736742004A8E35 /* HomeViewModel.swift in Sources */,
				D2B8983E2370DE6600738821 /* HomeViewController.swift in Sources */,
				D2B898B02372580100738821 /* User.swift in Sources */,
				D2B8985423711E9900738821 /* FlowEvent.swift in Sources */,
				D2B898752371230C00738821 /* UserDefaultsManager.swift in Sources */,
				D2B8985623711E9900738821 /* FlowCoordinator.swift in Sources */,
				D2B8986023711F1B00738821 /* ApplicationCoordinator.swift in Sources */,
				D2B8985B23711EEF00738821 /* UIViewController+LoadingView.swift in Sources */,
				D2B8985723711E9900738821 /* CoordinatorsTracker.swift in Sources */,
				D2B8983A2370DE6600738821 /* AppDelegate.swift in Sources */,
				D2B898B623725C7400738821 /* TagBoardViewController.swift in Sources */,
				D2B898802371259900738821 /* BundleUtil.swift in Sources */,
				D20A6EEE23736B1E00A04436 /* TBHomeListViewModel.swift in Sources */,
				D2B898B2237258BF00738821 /* TagBoard.swift in Sources */,
				D2B89878237123F200738821 /* TagBoardApi.swift in Sources */,
				D2B8985523711E9900738821 /* NavigationControllerCoordinatorsTracker.swift in Sources */,
				D2B8987E2371256000738821 /* InitialConfiguration.swift in Sources */,
				D2B898B423725C5B00738821 /* TBHomeListViewController.swift in Sources */,
			);
			runOnlyForDeploymentPostprocessing = 0;
		};
/* End PBXSourcesBuildPhase section */

/* Begin PBXVariantGroup section */
		D2B898442370DE6900738821 /* LaunchScreen.storyboard */ = {
			isa = PBXVariantGroup;
			children = (
				D2B898452370DE6900738821 /* Base */,
			);
			name = LaunchScreen.storyboard;
			sourceTree = "<group>";
		};
/* End PBXVariantGroup section */

/* Begin XCBuildConfiguration section */
		D2B898482370DE6900738821 /* Debug */ = {
			isa = XCBuildConfiguration;
			buildSettings = {
				ALWAYS_SEARCH_USER_PATHS = NO;
				CLANG_ANALYZER_NONNULL = YES;
				CLANG_ANALYZER_NUMBER_OBJECT_CONVERSION = YES_AGGRESSIVE;
				CLANG_CXX_LANGUAGE_STANDARD = "gnu++14";
				CLANG_CXX_LIBRARY = "libc++";
				CLANG_ENABLE_MODULES = YES;
				CLANG_ENABLE_OBJC_ARC = YES;
				CLANG_ENABLE_OBJC_WEAK = YES;
				CLANG_WARN_BLOCK_CAPTURE_AUTORELEASING = YES;
				CLANG_WARN_BOOL_CONVERSION = YES;
				CLANG_WARN_COMMA = YES;
				CLANG_WARN_CONSTANT_CONVERSION = YES;
				CLANG_WARN_DEPRECATED_OBJC_IMPLEMENTATIONS = YES;
				CLANG_WARN_DIRECT_OBJC_ISA_USAGE = YES_ERROR;
				CLANG_WARN_DOCUMENTATION_COMMENTS = YES;
				CLANG_WARN_EMPTY_BODY = YES;
				CLANG_WARN_ENUM_CONVERSION = YES;
				CLANG_WARN_INFINITE_RECURSION = YES;
				CLANG_WARN_INT_CONVERSION = YES;
				CLANG_WARN_NON_LITERAL_NULL_CONVERSION = YES;
				CLANG_WARN_OBJC_IMPLICIT_RETAIN_SELF = YES;
				CLANG_WARN_OBJC_LITERAL_CONVERSION = YES;
				CLANG_WARN_OBJC_ROOT_CLASS = YES_ERROR;
				CLANG_WARN_RANGE_LOOP_ANALYSIS = YES;
				CLANG_WARN_STRICT_PROTOTYPES = YES;
				CLANG_WARN_SUSPICIOUS_MOVE = YES;
				CLANG_WARN_UNGUARDED_AVAILABILITY = YES_AGGRESSIVE;
				CLANG_WARN_UNREACHABLE_CODE = YES;
				CLANG_WARN__DUPLICATE_METHOD_MATCH = YES;
				COPY_PHASE_STRIP = NO;
				DEBUG_INFORMATION_FORMAT = dwarf;
				ENABLE_STRICT_OBJC_MSGSEND = YES;
				ENABLE_TESTABILITY = YES;
				GCC_C_LANGUAGE_STANDARD = gnu11;
				GCC_DYNAMIC_NO_PIC = NO;
				GCC_NO_COMMON_BLOCKS = YES;
				GCC_OPTIMIZATION_LEVEL = 0;
				GCC_PREPROCESSOR_DEFINITIONS = (
					"DEBUG=1",
					"$(inherited)",
				);
				GCC_WARN_64_TO_32_BIT_CONVERSION = YES;
				GCC_WARN_ABOUT_RETURN_TYPE = YES_ERROR;
				GCC_WARN_UNDECLARED_SELECTOR = YES;
				GCC_WARN_UNINITIALIZED_AUTOS = YES_AGGRESSIVE;
				GCC_WARN_UNUSED_FUNCTION = YES;
				GCC_WARN_UNUSED_VARIABLE = YES;
				IPHONEOS_DEPLOYMENT_TARGET = 13.2;
				MTL_ENABLE_DEBUG_INFO = INCLUDE_SOURCE;
				MTL_FAST_MATH = YES;
				ONLY_ACTIVE_ARCH = YES;
				SDKROOT = iphoneos;
				SWIFT_ACTIVE_COMPILATION_CONDITIONS = DEBUG;
				SWIFT_OPTIMIZATION_LEVEL = "-Onone";
			};
			name = Debug;
		};
		D2B898492370DE6900738821 /* Release */ = {
			isa = XCBuildConfiguration;
			buildSettings = {
				ALWAYS_SEARCH_USER_PATHS = NO;
				CLANG_ANALYZER_NONNULL = YES;
				CLANG_ANALYZER_NUMBER_OBJECT_CONVERSION = YES_AGGRESSIVE;
				CLANG_CXX_LANGUAGE_STANDARD = "gnu++14";
				CLANG_CXX_LIBRARY = "libc++";
				CLANG_ENABLE_MODULES = YES;
				CLANG_ENABLE_OBJC_ARC = YES;
				CLANG_ENABLE_OBJC_WEAK = YES;
				CLANG_WARN_BLOCK_CAPTURE_AUTORELEASING = YES;
				CLANG_WARN_BOOL_CONVERSION = YES;
				CLANG_WARN_COMMA = YES;
				CLANG_WARN_CONSTANT_CONVERSION = YES;
				CLANG_WARN_DEPRECATED_OBJC_IMPLEMENTATIONS = YES;
				CLANG_WARN_DIRECT_OBJC_ISA_USAGE = YES_ERROR;
				CLANG_WARN_DOCUMENTATION_COMMENTS = YES;
				CLANG_WARN_EMPTY_BODY = YES;
				CLANG_WARN_ENUM_CONVERSION = YES;
				CLANG_WARN_INFINITE_RECURSION = YES;
				CLANG_WARN_INT_CONVERSION = YES;
				CLANG_WARN_NON_LITERAL_NULL_CONVERSION = YES;
				CLANG_WARN_OBJC_IMPLICIT_RETAIN_SELF = YES;
				CLANG_WARN_OBJC_LITERAL_CONVERSION = YES;
				CLANG_WARN_OBJC_ROOT_CLASS = YES_ERROR;
				CLANG_WARN_RANGE_LOOP_ANALYSIS = YES;
				CLANG_WARN_STRICT_PROTOTYPES = YES;
				CLANG_WARN_SUSPICIOUS_MOVE = YES;
				CLANG_WARN_UNGUARDED_AVAILABILITY = YES_AGGRESSIVE;
				CLANG_WARN_UNREACHABLE_CODE = YES;
				CLANG_WARN__DUPLICATE_METHOD_MATCH = YES;
				COPY_PHASE_STRIP = NO;
				DEBUG_INFORMATION_FORMAT = "dwarf-with-dsym";
				ENABLE_NS_ASSERTIONS = NO;
				ENABLE_STRICT_OBJC_MSGSEND = YES;
				GCC_C_LANGUAGE_STANDARD = gnu11;
				GCC_NO_COMMON_BLOCKS = YES;
				GCC_WARN_64_TO_32_BIT_CONVERSION = YES;
				GCC_WARN_ABOUT_RETURN_TYPE = YES_ERROR;
				GCC_WARN_UNDECLARED_SELECTOR = YES;
				GCC_WARN_UNINITIALIZED_AUTOS = YES_AGGRESSIVE;
				GCC_WARN_UNUSED_FUNCTION = YES;
				GCC_WARN_UNUSED_VARIABLE = YES;
				IPHONEOS_DEPLOYMENT_TARGET = 13.2;
				MTL_ENABLE_DEBUG_INFO = NO;
				MTL_FAST_MATH = YES;
				SDKROOT = iphoneos;
				SWIFT_COMPILATION_MODE = wholemodule;
				SWIFT_OPTIMIZATION_LEVEL = "-O";
				VALIDATE_PRODUCT = YES;
			};
			name = Release;
		};
		D2B8984B2370DE6900738821 /* Debug */ = {
			isa = XCBuildConfiguration;
			buildSettings = {
				ASSETCATALOG_COMPILER_APPICON_NAME = AppIcon;
				BUILD_ENVIRONMENT = 0;
				CODE_SIGN_STYLE = Automatic;
				DEVELOPMENT_TEAM = 2J9S2B5EZD;
				INFOPLIST_FILE = TagBoard/Info.plist;
				IPHONEOS_DEPLOYMENT_TARGET = 12.0;
				LD_RUNPATH_SEARCH_PATHS = (
					"$(inherited)",
					"@executable_path/Frameworks",
				);
				PRODUCT_BUNDLE_IDENTIFIER = com.willbrandin.TagBoard;
				PRODUCT_NAME = "$(TARGET_NAME)";
				SWIFT_VERSION = 5.0;
				TARGETED_DEVICE_FAMILY = "1,2";
			};
			name = Debug;
		};
		D2B8984C2370DE6900738821 /* Release */ = {
			isa = XCBuildConfiguration;
			buildSettings = {
				ASSETCATALOG_COMPILER_APPICON_NAME = AppIcon;
				BUILD_ENVIRONMENT = 4;
				CODE_SIGN_STYLE = Automatic;
				DEVELOPMENT_TEAM = 2J9S2B5EZD;
				INFOPLIST_FILE = TagBoard/Info.plist;
				IPHONEOS_DEPLOYMENT_TARGET = 12.0;
				LD_RUNPATH_SEARCH_PATHS = (
					"$(inherited)",
					"@executable_path/Frameworks",
				);
				PRODUCT_BUNDLE_IDENTIFIER = com.willbrandin.TagBoard;
				PRODUCT_NAME = "$(TARGET_NAME)";
				SWIFT_VERSION = 5.0;
				TARGETED_DEVICE_FAMILY = "1,2";
			};
			name = Release;
		};
/* End XCBuildConfiguration section */

/* Begin XCConfigurationList section */
		D2B898312370DE6600738821 /* Build configuration list for PBXProject "TagBoard" */ = {
			isa = XCConfigurationList;
			buildConfigurations = (
				D2B898482370DE6900738821 /* Debug */,
				D2B898492370DE6900738821 /* Release */,
			);
			defaultConfigurationIsVisible = 0;
			defaultConfigurationName = Release;
		};
		D2B8984A2370DE6900738821 /* Build configuration list for PBXNativeTarget "TagBoard" */ = {
			isa = XCConfigurationList;
			buildConfigurations = (
				D2B8984B2370DE6900738821 /* Debug */,
				D2B8984C2370DE6900738821 /* Release */,
			);
			defaultConfigurationIsVisible = 0;
			defaultConfigurationName = Release;
		};
/* End XCConfigurationList section */
	};
	rootObject = D2B8982E2370DE6600738821 /* Project object */;
}
